// !$*UTF8*$!
{
	archiveVersion = 1;
	classes = {
	};
	objectVersion = 46;
	objects = {

/* Begin PBXBuildFile section */
		DE60E8F619FCB34C00EC4F34 /* AppDelegate.swift in Sources */ = {isa = PBXBuildFile; fileRef = DE60E8F519FCB34C00EC4F34 /* AppDelegate.swift */; };
		DE60E8F919FCB34C00EC4F34 /* ExchangeAGram.xcdatamodeld in Sources */ = {isa = PBXBuildFile; fileRef = DE60E8F719FCB34C00EC4F34 /* ExchangeAGram.xcdatamodeld */; };
		DE60E8FE19FCB34C00EC4F34 /* Main.storyboard in Resources */ = {isa = PBXBuildFile; fileRef = DE60E8FC19FCB34C00EC4F34 /* Main.storyboard */; };
		DE60E90019FCB34C00EC4F34 /* Images.xcassets in Resources */ = {isa = PBXBuildFile; fileRef = DE60E8FF19FCB34C00EC4F34 /* Images.xcassets */; };
		DE60E90319FCB34C00EC4F34 /* LaunchScreen.xib in Resources */ = {isa = PBXBuildFile; fileRef = DE60E90119FCB34C00EC4F34 /* LaunchScreen.xib */; };
		DE60E90F19FCB34D00EC4F34 /* ExchangeAGramTests.swift in Sources */ = {isa = PBXBuildFile; fileRef = DE60E90E19FCB34D00EC4F34 /* ExchangeAGramTests.swift */; };
		DE60E91919FCB4F700EC4F34 /* FeedViewController.swift in Sources */ = {isa = PBXBuildFile; fileRef = DE60E91819FCB4F700EC4F34 /* FeedViewController.swift */; };
		DE60E91B19FCB78500EC4F34 /* FeedCell.swift in Sources */ = {isa = PBXBuildFile; fileRef = DE60E91A19FCB78500EC4F34 /* FeedCell.swift */; };
		DE60E91D19FCB92D00EC4F34 /* MobileCoreServices.framework in Frameworks */ = {isa = PBXBuildFile; fileRef = DE60E91C19FCB92D00EC4F34 /* MobileCoreServices.framework */; };
		DE60E91F19FCC0A000EC4F34 /* FeedItem.swift in Sources */ = {isa = PBXBuildFile; fileRef = DE60E91E19FCC0A000EC4F34 /* FeedItem.swift */; };
		DEFC27E019FD56D00058924B /* FilterViewController.swift in Sources */ = {isa = PBXBuildFile; fileRef = DEFC27DF19FD56D00058924B /* FilterViewController.swift */; };
		DEFC27E219FD5B090058924B /* FilterCell.swift in Sources */ = {isa = PBXBuildFile; fileRef = DEFC27E119FD5B090058924B /* FilterCell.swift */; };
/* End PBXBuildFile section */

/* Begin PBXContainerItemProxy section */
		DE60E90919FCB34D00EC4F34 /* PBXContainerItemProxy */ = {
			isa = PBXContainerItemProxy;
			containerPortal = DE60E8E819FCB34C00EC4F34 /* Project object */;
			proxyType = 1;
			remoteGlobalIDString = DE60E8EF19FCB34C00EC4F34;
			remoteInfo = ExchangeAGram;
		};
/* End PBXContainerItemProxy section */

/* Begin PBXFileReference section */
		DE60E8F019FCB34C00EC4F34 /* ExchangeAGram.app */ = {isa = PBXFileReference; explicitFileType = wrapper.application; includeInIndex = 0; path = ExchangeAGram.app; sourceTree = BUILT_PRODUCTS_DIR; };
		DE60E8F419FCB34C00EC4F34 /* Info.plist */ = {isa = PBXFileReference; lastKnownFileType = text.plist.xml; path = Info.plist; sourceTree = "<group>"; };
		DE60E8F519FCB34C00EC4F34 /* AppDelegate.swift */ = {isa = PBXFileReference; lastKnownFileType = sourcecode.swift; path = AppDelegate.swift; sourceTree = "<group>"; };
		DE60E8F819FCB34C00EC4F34 /* ExchangeAGram.xcdatamodel */ = {isa = PBXFileReference; lastKnownFileType = wrapper.xcdatamodel; path = ExchangeAGram.xcdatamodel; sourceTree = "<group>"; };
		DE60E8FD19FCB34C00EC4F34 /* Base */ = {isa = PBXFileReference; lastKnownFileType = file.storyboard; name = Base; path = Base.lproj/Main.storyboard; sourceTree = "<group>"; };
		DE60E8FF19FCB34C00EC4F34 /* Images.xcassets */ = {isa = PBXFileReference; lastKnownFileType = folder.assetcatalog; path = Images.xcassets; sourceTree = "<group>"; };
		DE60E90219FCB34C00EC4F34 /* Base */ = {isa = PBXFileReference; lastKnownFileType = file.xib; name = Base; path = Base.lproj/LaunchScreen.xib; sourceTree = "<group>"; };
		DE60E90819FCB34D00EC4F34 /* ExchangeAGramTests.xctest */ = {isa = PBXFileReference; explicitFileType = wrapper.cfbundle; includeInIndex = 0; path = ExchangeAGramTests.xctest; sourceTree = BUILT_PRODUCTS_DIR; };
		DE60E90D19FCB34D00EC4F34 /* Info.plist */ = {isa = PBXFileReference; lastKnownFileType = text.plist.xml; path = Info.plist; sourceTree = "<group>"; };
		DE60E90E19FCB34D00EC4F34 /* ExchangeAGramTests.swift */ = {isa = PBXFileReference; lastKnownFileType = sourcecode.swift; path = ExchangeAGramTests.swift; sourceTree = "<group>"; };
		DE60E91819FCB4F700EC4F34 /* FeedViewController.swift */ = {isa = PBXFileReference; fileEncoding = 4; lastKnownFileType = sourcecode.swift; path = FeedViewController.swift; sourceTree = "<group>"; };
		DE60E91A19FCB78500EC4F34 /* FeedCell.swift */ = {isa = PBXFileReference; fileEncoding = 4; lastKnownFileType = sourcecode.swift; path = FeedCell.swift; sourceTree = "<group>"; };
		DE60E91C19FCB92D00EC4F34 /* MobileCoreServices.framework */ = {isa = PBXFileReference; lastKnownFileType = wrapper.framework; name = MobileCoreServices.framework; path = System/Library/Frameworks/MobileCoreServices.framework; sourceTree = SDKROOT; };
		DE60E91E19FCC0A000EC4F34 /* FeedItem.swift */ = {isa = PBXFileReference; fileEncoding = 4; lastKnownFileType = sourcecode.swift; path = FeedItem.swift; sourceTree = "<group>"; };
		DEFC27DF19FD56D00058924B /* FilterViewController.swift */ = {isa = PBXFileReference; fileEncoding = 4; lastKnownFileType = sourcecode.swift; path = FilterViewController.swift; sourceTree = "<group>"; };
		DEFC27E119FD5B090058924B /* FilterCell.swift */ = {isa = PBXFileReference; fileEncoding = 4; lastKnownFileType = sourcecode.swift; path = FilterCell.swift; sourceTree = "<group>"; };
/* End PBXFileReference section */

/* Begin PBXFrameworksBuildPhase section */
		DE60E8ED19FCB34C00EC4F34 /* Frameworks */ = {
			isa = PBXFrameworksBuildPhase;
			buildActionMask = 2147483647;
			files = (
				DE60E91D19FCB92D00EC4F34 /* MobileCoreServices.framework in Frameworks */,
			);
			runOnlyForDeploymentPostprocessing = 0;
		};
		DE60E90519FCB34D00EC4F34 /* Frameworks */ = {
			isa = PBXFrameworksBuildPhase;
			buildActionMask = 2147483647;
			files = (
			);
			runOnlyForDeploymentPostprocessing = 0;
		};
/* End PBXFrameworksBuildPhase section */

/* Begin PBXGroup section */
		DE60E8E719FCB34C00EC4F34 = {
			isa = PBXGroup;
			children = (
				DE60E8F219FCB34C00EC4F34 /* ExchangeAGram */,
				DE60E90B19FCB34D00EC4F34 /* ExchangeAGramTests */,
				DE60E8F119FCB34C00EC4F34 /* Products */,
			);
			sourceTree = "<group>";
		};
		DE60E8F119FCB34C00EC4F34 /* Products */ = {
			isa = PBXGroup;
			children = (
				DE60E8F019FCB34C00EC4F34 /* ExchangeAGram.app */,
				DE60E90819FCB34D00EC4F34 /* ExchangeAGramTests.xctest */,
			);
			name = Products;
			sourceTree = "<group>";
		};
		DE60E8F219FCB34C00EC4F34 /* ExchangeAGram */ = {
			isa = PBXGroup;
			children = (
				DE60E8F519FCB34C00EC4F34 /* AppDelegate.swift */,
				DE60E91819FCB4F700EC4F34 /* FeedViewController.swift */,
				DEFC27DF19FD56D00058924B /* FilterViewController.swift */,
				DE60E8FC19FCB34C00EC4F34 /* Main.storyboard */,
				DE60E91A19FCB78500EC4F34 /* FeedCell.swift */,
				DEFC27E119FD5B090058924B /* FilterCell.swift */,
				DE60E8FF19FCB34C00EC4F34 /* Images.xcassets */,
				DE60E90119FCB34C00EC4F34 /* LaunchScreen.xib */,
				DE60E8F719FCB34C00EC4F34 /* ExchangeAGram.xcdatamodeld */,
				DE60E91E19FCC0A000EC4F34 /* FeedItem.swift */,
				DE60E8F319FCB34C00EC4F34 /* Supporting Files */,
			);
			path = ExchangeAGram;
			sourceTree = "<group>";
		};
		DE60E8F319FCB34C00EC4F34 /* Supporting Files */ = {
			isa = PBXGroup;
			children = (
				DE60E91C19FCB92D00EC4F34 /* MobileCoreServices.framework */,
				DE60E8F419FCB34C00EC4F34 /* Info.plist */,
			);
			name = "Supporting Files";
			sourceTree = "<group>";
		};
		DE60E90B19FCB34D00EC4F34 /* ExchangeAGramTests */ = {
			isa = PBXGroup;
			children = (
				DE60E90E19FCB34D00EC4F34 /* ExchangeAGramTests.swift */,
				DE60E90C19FCB34D00EC4F34 /* Supporting Files */,
			);
			path = ExchangeAGramTests;
			sourceTree = "<group>";
		};
		DE60E90C19FCB34D00EC4F34 /* Supporting Files */ = {
			isa = PBXGroup;
			children = (
				DE60E90D19FCB34D00EC4F34 /* Info.plist */,
			);
			name = "Supporting Files";
			sourceTree = "<group>";
		};
/* End PBXGroup section */

/* Begin PBXNativeTarget section */
		DE60E8EF19FCB34C00EC4F34 /* ExchangeAGram */ = {
			isa = PBXNativeTarget;
			buildConfigurationList = DE60E91219FCB34D00EC4F34 /* Build configuration list for PBXNativeTarget "ExchangeAGram" */;
			buildPhases = (
				DE60E8EC19FCB34C00EC4F34 /* Sources */,
				DE60E8ED19FCB34C00EC4F34 /* Frameworks */,
				DE60E8EE19FCB34C00EC4F34 /* Resources */,
			);
			buildRules = (
			);
			dependencies = (
			);
			name = ExchangeAGram;
			productName = ExchangeAGram;
			productReference = DE60E8F019FCB34C00EC4F34 /* ExchangeAGram.app */;
			productType = "com.apple.product-type.application";
		};
		DE60E90719FCB34D00EC4F34 /* ExchangeAGramTests */ = {
			isa = PBXNativeTarget;
			buildConfigurationList = DE60E91519FCB34D00EC4F34 /* Build configuration list for PBXNativeTarget "ExchangeAGramTests" */;
			buildPhases = (
				DE60E90419FCB34D00EC4F34 /* Sources */,
				DE60E90519FCB34D00EC4F34 /* Frameworks */,
				DE60E90619FCB34D00EC4F34 /* Resources */,
			);
			buildRules = (
			);
			dependencies = (
				DE60E90A19FCB34D00EC4F34 /* PBXTargetDependency */,
			);
			name = ExchangeAGramTests;
			productName = ExchangeAGramTests;
			productReference = DE60E90819FCB34D00EC4F34 /* ExchangeAGramTests.xctest */;
			productType = "com.apple.product-type.bundle.unit-test";
		};
/* End PBXNativeTarget section */

/* Begin PBXProject section */
		DE60E8E819FCB34C00EC4F34 /* Project object */ = {
			isa = PBXProject;
			attributes = {
				LastUpgradeCheck = 0610;
				ORGANIZATIONNAME = "Tony Morales";
				TargetAttributes = {
					DE60E8EF19FCB34C00EC4F34 = {
						CreatedOnToolsVersion = 6.1;
					};
					DE60E90719FCB34D00EC4F34 = {
						CreatedOnToolsVersion = 6.1;
						TestTargetID = DE60E8EF19FCB34C00EC4F34;
					};
				};
			};
			buildConfigurationList = DE60E8EB19FCB34C00EC4F34 /* Build configuration list for PBXProject "ExchangeAGram" */;
			compatibilityVersion = "Xcode 3.2";
			developmentRegion = English;
			hasScannedForEncodings = 0;
			knownRegions = (
				en,
				Base,
			);
			mainGroup = DE60E8E719FCB34C00EC4F34;
			productRefGroup = DE60E8F119FCB34C00EC4F34 /* Products */;
			projectDirPath = "";
			projectRoot = "";
			targets = (
				DE60E8EF19FCB34C00EC4F34 /* ExchangeAGram */,
				DE60E90719FCB34D00EC4F34 /* ExchangeAGramTests */,
			);
		};
/* End PBXProject section */

/* Begin PBXResourcesBuildPhase section */
		DE60E8EE19FCB34C00EC4F34 /* Resources */ = {
			isa = PBXResourcesBuildPhase;
			buildActionMask = 2147483647;
			files = (
				DE60E8FE19FCB34C00EC4F34 /* Main.storyboard in Resources */,
				DE60E90319FCB34C00EC4F34 /* LaunchScreen.xib in Resources */,
				DE60E90019FCB34C00EC4F34 /* Images.xcassets in Resources */,
			);
			runOnlyForDeploymentPostprocessing = 0;
		};
		DE60E90619FCB34D00EC4F34 /* Resources */ = {
			isa = PBXResourcesBuildPhase;
			buildActionMask = 2147483647;
			files = (
			);
			runOnlyForDeploymentPostprocessing = 0;
		};
/* End PBXResourcesBuildPhase section */

/* Begin PBXSourcesBuildPhase section */
		DE60E8EC19FCB34C00EC4F34 /* Sources */ = {
			isa = PBXSourcesBuildPhase;
			buildActionMask = 2147483647;
			files = (
				DEFC27E219FD5B090058924B /* FilterCell.swift in Sources */,
				DEFC27E019FD56D00058924B /* FilterViewController.swift in Sources */,
				DE60E8F619FCB34C00EC4F34 /* AppDelegate.swift in Sources */,
				DE60E91B19FCB78500EC4F34 /* FeedCell.swift in Sources */,
				DE60E91919FCB4F700EC4F34 /* FeedViewController.swift in Sources */,
				DE60E91F19FCC0A000EC4F34 /* FeedItem.swift in Sources */,
				DE60E8F919FCB34C00EC4F34 /* ExchangeAGram.xcdatamodeld in Sources */,
			);
			runOnlyForDeploymentPostprocessing = 0;
		};
		DE60E90419FCB34D00EC4F34 /* Sources */ = {
			isa = PBXSourcesBuildPhase;
			buildActionMask = 2147483647;
			files = (
				DE60E90F19FCB34D00EC4F34 /* ExchangeAGramTests.swift in Sources */,
			);
			runOnlyForDeploymentPostprocessing = 0;
		};
/* End PBXSourcesBuildPhase section */

/* Begin PBXTargetDependency section */
		DE60E90A19FCB34D00EC4F34 /* PBXTargetDependency */ = {
			isa = PBXTargetDependency;
			target = DE60E8EF19FCB34C00EC4F34 /* ExchangeAGram */;
			targetProxy = DE60E90919FCB34D00EC4F34 /* PBXContainerItemProxy */;
		};
/* End PBXTargetDependency section */

/* Begin PBXVariantGroup section */
		DE60E8FC19FCB34C00EC4F34 /* Main.storyboard */ = {
			isa = PBXVariantGroup;
			children = (
				DE60E8FD19FCB34C00EC4F34 /* Base */,
			);
			name = Main.storyboard;
			sourceTree = "<group>";
		};
		DE60E90119FCB34C00EC4F34 /* LaunchScreen.xib */ = {
			isa = PBXVariantGroup;
			children = (
				DE60E90219FCB34C00EC4F34 /* Base */,
			);
			name = LaunchScreen.xib;
			sourceTree = "<group>";
		};
/* End PBXVariantGroup section */

/* Begin XCBuildConfiguration section */
		DE60E91019FCB34D00EC4F34 /* Debug */ = {
			isa = XCBuildConfiguration;
			buildSettings = {
				ALWAYS_SEARCH_USER_PATHS = NO;
				CLANG_CXX_LANGUAGE_STANDARD = "gnu++0x";
				CLANG_CXX_LIBRARY = "libc++";
				CLANG_ENABLE_MODULES = YES;
				CLANG_ENABLE_OBJC_ARC = YES;
				CLANG_WARN_BOOL_CONVERSION = YES;
				CLANG_WARN_CONSTANT_CONVERSION = YES;
				CLANG_WARN_DIRECT_OBJC_ISA_USAGE = YES_ERROR;
				CLANG_WARN_EMPTY_BODY = YES;
				CLANG_WARN_ENUM_CONVERSION = YES;
				CLANG_WARN_INT_CONVERSION = YES;
				CLANG_WARN_OBJC_ROOT_CLASS = YES_ERROR;
				CLANG_WARN_UNREACHABLE_CODE = YES;
				CLANG_WARN__DUPLICATE_METHOD_MATCH = YES;
				"CODE_SIGN_IDENTITY[sdk=iphoneos*]" = "iPhone Developer";
				COPY_PHASE_STRIP = NO;
				ENABLE_STRICT_OBJC_MSGSEND = YES;
				GCC_C_LANGUAGE_STANDARD = gnu99;
				GCC_DYNAMIC_NO_PIC = NO;
				GCC_OPTIMIZATION_LEVEL = 0;
				GCC_PREPROCESSOR_DEFINITIONS = (
					"DEBUG=1",
					"$(inherited)",
				);
				GCC_SYMBOLS_PRIVATE_EXTERN = NO;
				GCC_WARN_64_TO_32_BIT_CONVERSION = YES;
				GCC_WARN_ABOUT_RETURN_TYPE = YES_ERROR;
				GCC_WARN_UNDECLARED_SELECTOR = YES;
				GCC_WARN_UNINITIALIZED_AUTOS = YES_AGGRESSIVE;
				GCC_WARN_UNUSED_FUNCTION = YES;
				GCC_WARN_UNUSED_VARIABLE = YES;
				IPHONEOS_DEPLOYMENT_TARGET = 8.1;
				MTL_ENABLE_DEBUG_INFO = YES;
				ONLY_ACTIVE_ARCH = YES;
				SDKROOT = iphoneos;
				SWIFT_OPTIMIZATION_LEVEL = "-Onone";
				TARGETED_DEVICE_FAMILY = "1,2";
			};
			name = Debug;
		};
		DE60E91119FCB34D00EC4F34 /* Release */ = {
			isa = XCBuildConfiguration;
			buildSettings = {
				ALWAYS_SEARCH_USER_PATHS = NO;
				CLANG_CXX_LANGUAGE_STANDARD = "gnu++0x";
				CLANG_CXX_LIBRARY = "libc++";
				CLANG_ENABLE_MODULES = YES;
				CLANG_ENABLE_OBJC_ARC = YES;
				CLANG_WARN_BOOL_CONVERSION = YES;
				CLANG_WARN_CONSTANT_CONVERSION = YES;
				CLANG_WARN_DIRECT_OBJC_ISA_USAGE = YES_ERROR;
				CLANG_WARN_EMPTY_BODY = YES;
				CLANG_WARN_ENUM_CONVERSION = YES;
				CLANG_WARN_INT_CONVERSION = YES;
				CLANG_WARN_OBJC_ROOT_CLASS = YES_ERROR;
				CLANG_WARN_UNREACHABLE_CODE = YES;
				CLANG_WARN__DUPLICATE_METHOD_MATCH = YES;
				"CODE_SIGN_IDENTITY[sdk=iphoneos*]" = "iPhone Developer";
				COPY_PHASE_STRIP = YES;
				ENABLE_NS_ASSERTIONS = NO;
				ENABLE_STRICT_OBJC_MSGSEND = YES;
				GCC_C_LANGUAGE_STANDARD = gnu99;
				GCC_WARN_64_TO_32_BIT_CONVERSION = YES;
				GCC_WARN_ABOUT_RETURN_TYPE = YES_ERROR;
				GCC_WARN_UNDECLARED_SELECTOR = YES;
				GCC_WARN_UNINITIALIZED_AUTOS = YES_AGGRESSIVE;
				GCC_WARN_UNUSED_FUNCTION = YES;
				GCC_WARN_UNUSED_VARIABLE = YES;
				IPHONEOS_DEPLOYMENT_TARGET = 8.1;
				MTL_ENABLE_DEBUG_INFO = NO;
				SDKROOT = iphoneos;
				TARGETED_DEVICE_FAMILY = "1,2";
				VALIDATE_PRODUCT = YES;
			};
			name = Release;
		};
		DE60E91319FCB34D00EC4F34 /* Debug */ = {
			isa = XCBuildConfiguration;
			buildSettings = {
				ASSETCATALOG_COMPILER_APPICON_NAME = AppIcon;
				INFOPLIST_FILE = ExchangeAGram/Info.plist;
				LD_RUNPATH_SEARCH_PATHS = "$(inherited) @executable_path/Frameworks";
				PRODUCT_NAME = "$(TARGET_NAME)";
			};
			name = Debug;
		};
		DE60E91419FCB34D00EC4F34 /* Release */ = {
			isa = XCBuildConfiguration;
			buildSettings = {
				ASSETCATALOG_COMPILER_APPICON_NAME = AppIcon;
				INFOPLIST_FILE = ExchangeAGram/Info.plist;
				LD_RUNPATH_SEARCH_PATHS = "$(inherited) @executable_path/Frameworks";
				PRODUCT_NAME = "$(TARGET_NAME)";
			};
			name = Release;
		};
		DE60E91619FCB34D00EC4F34 /* Debug */ = {
			isa = XCBuildConfiguration;
			buildSettings = {
				BUNDLE_LOADER = "$(TEST_HOST)";
				FRAMEWORK_SEARCH_PATHS = (
					"$(SDKROOT)/Developer/Library/Frameworks",
					"$(inherited)",
				);
				GCC_PREPROCESSOR_DEFINITIONS = (
					"DEBUG=1",
					"$(inherited)",
				);
				INFOPLIST_FILE = ExchangeAGramTests/Info.plist;
				LD_RUNPATH_SEARCH_PATHS = "$(inherited) @executable_path/Frameworks @loader_path/Frameworks";
				PRODUCT_NAME = "$(TARGET_NAME)";
				TEST_HOST = "$(BUILT_PRODUCTS_DIR)/ExchangeAGram.app/ExchangeAGram";
			};
			name = Debug;
		};
		DE60E91719FCB34D00EC4F34 /* Release */ = {
			isa = XCBuildConfiguration;
			buildSettings = {
				BUNDLE_LOADER = "$(TEST_HOST)";
				FRAMEWORK_SEARCH_PATHS = (
					"$(SDKROOT)/Developer/Library/Frameworks",
					"$(inherited)",
				);
				INFOPLIST_FILE = ExchangeAGramTests/Info.plist;
				LD_RUNPATH_SEARCH_PATHS = "$(inherited) @executable_path/Frameworks @loader_path/Frameworks";
				PRODUCT_NAME = "$(TARGET_NAME)";
				TEST_HOST = "$(BUILT_PRODUCTS_DIR)/ExchangeAGram.app/ExchangeAGram";
			};
			name = Release;
		};
/* End XCBuildConfiguration section */

/* Begin XCConfigurationList section */
		DE60E8EB19FCB34C00EC4F34 /* Build configuration list for PBXProject "ExchangeAGram" */ = {
			isa = XCConfigurationList;
			buildConfigurations = (
				DE60E91019FCB34D00EC4F34 /* Debug */,
				DE60E91119FCB34D00EC4F34 /* Release */,
			);
			defaultConfigurationIsVisible = 0;
			defaultConfigurationName = Release;
		};
		DE60E91219FCB34D00EC4F34 /* Build configuration list for PBXNativeTarget "ExchangeAGram" */ = {
			isa = XCConfigurationList;
			buildConfigurations = (
				DE60E91319FCB34D00EC4F34 /* Debug */,
				DE60E91419FCB34D00EC4F34 /* Release */,
			);
			defaultConfigurationIsVisible = 0;
			defaultConfigurationName = Release;
		};
		DE60E91519FCB34D00EC4F34 /* Build configuration list for PBXNativeTarget "ExchangeAGramTests" */ = {
			isa = XCConfigurationList;
			buildConfigurations = (
				DE60E91619FCB34D00EC4F34 /* Debug */,
				DE60E91719FCB34D00EC4F34 /* Release */,
			);
			defaultConfigurationIsVisible = 0;
			defaultConfigurationName = Release;
		};
/* End XCConfigurationList section */

/* Begin XCVersionGroup section */
		DE60E8F719FCB34C00EC4F34 /* ExchangeAGram.xcdatamodeld */ = {
			isa = XCVersionGroup;
			children = (
				DE60E8F819FCB34C00EC4F34 /* ExchangeAGram.xcdatamodel */,
			);
			currentVersion = DE60E8F819FCB34C00EC4F34 /* ExchangeAGram.xcdatamodel */;
			path = ExchangeAGram.xcdatamodeld;
			sourceTree = "<group>";
			versionGroupType = wrapper.xcdatamodel;
		};
/* End XCVersionGroup section */
	};
	rootObject = DE60E8E819FCB34C00EC4F34 /* Project object */;
}
